{
  "name": "insomnia-plugin-mfa-authenticator",
  "version": "0.0.1",
  "lockfileVersion": 1,
  "requires": true,
  "dependencies": {
    "jssha": {
      "version": "3.2.0",
      "resolved": "https://registry.npmjs.org/jssha/-/jssha-3.2.0.tgz",
      "integrity": "sha512-QuruyBENDWdN4tZwJbQq7/eAK85FqrI4oDbXjy5IBhYD+2pTJyBUWZe8ctWaCkrV0gy6AaelgOZZBMeswEa/6Q=="
    },
    "totp-generator": {
      "version": "0.0.9",
      "resolved": "https://registry.npmjs.org/totp-generator/-/totp-generator-0.0.9.tgz",
      "integrity": "sha512-ZrUn747mg6+FabOeUKP4neX2oUm69HjV1484kDYvtLfcGlO4XAq5xFwet/KJW7+zc2b09puTKCKMeTxzxfaKjw==",
      "requires": {
        "jssha": "^3.1.2"
      }
    }
  }
}
